
Microsoft Visual Studio Solution File, Format Version 12.00
# Visual Studio Version 17
VisualStudioVersion = 17.3.32901.215
MinimumVisualStudioVersion = 10.0.40219.1
Project("{54A90642-561A-4BB1-A94E-469ADEE60C69}") = "bookwithme", "bookwithme.esproj", "{BC3D7E3A-A205-4552-8308-925C666BA1AA}"
EndProject
Project("{FAE04EC0-301F-11D3-BF4B-00C04F79EFBC}") = "bookwithme-Backend", "..\bookwithme-Backend\bookwithme-Backend.csproj", "{8C17DE5D-A23E-49A9-8D49-E3D9E48AA626}"
EndProject
Global
	GlobalSection(SolutionConfigurationPlatforms) = preSolution
		Debug|Any CPU = Debug|Any CPU
		Release|Any CPU = Release|Any CPU
	EndGlobalSection
	GlobalSection(ProjectConfigurationPlatforms) = postSolution
		{BC3D7E3A-A205-4552-8308-925C666BA1AA}.Debug|Any CPU.ActiveCfg = Debug|Any CPU
		{BC3D7E3A-A205-4552-8308-925C666BA1AA}.Debug|Any CPU.Build.0 = Debug|Any CPU
		{BC3D7E3A-A205-4552-8308-925C666BA1AA}.Debug|Any CPU.Deploy.0 = Debug|Any CPU
		{BC3D7E3A-A205-4552-8308-925C666BA1AA}.Release|Any CPU.ActiveCfg = Release|Any CPU
		{BC3D7E3A-A205-4552-8308-925C666BA1AA}.Release|Any CPU.Build.0 = Release|Any CPU
		{BC3D7E3A-A205-4552-8308-925C666BA1AA}.Release|Any CPU.Deploy.0 = Release|Any CPU
		{8C17DE5D-A23E-49A9-8D49-E3D9E48AA626}.Debug|Any CPU.ActiveCfg = Debug|Any CPU
		{8C17DE5D-A23E-49A9-8D49-E3D9E48AA626}.Debug|Any CPU.Build.0 = Debug|Any CPU
		{8C17DE5D-A23E-49A9-8D49-E3D9E48AA626}.Release|Any CPU.ActiveCfg = Release|Any CPU
		{8C17DE5D-A23E-49A9-8D49-E3D9E48AA626}.Release|Any CPU.Build.0 = Release|Any CPU
	EndGlobalSection
	GlobalSection(SolutionProperties) = preSolution
		HideSolutionNode = FALSE
	EndGlobalSection
	GlobalSection(ExtensibilityGlobals) = postSolution
		SolutionGuid = {DFEF9F05-B172-48FC-8C3D-ACDEA101BA9D}
	EndGlobalSection
EndGlobal
